# This file is autogenerated, do not edit; changes may be undone by the next 'dep ensure'.


[[projects]]
  branch = "master"
  name = "github.com/reedobrien/checkers"
  packages = ["."]
  revision = "a2b2374142af559c6a6fcf6a92cea9fcfa966c6e"

[solve-meta]
  analyzer-name = "dep"
  analyzer-version = 1
  inputs-digest = "4552bf5c0f84f6c0750ab1510843e5fd2ebbd4be46a2870af1deb02cf3eb42d8"
  solver-name = "gps-cdcl"
  solver-version = 1
