# This file is autogenerated, do not edit; changes may be undone by the next 'dep ensure'.


[[projects]]
  name = "github.com/aws/aws-sdk-go"
  packages = ["aws","aws/awserr","aws/awsutil","aws/client","aws/client/metadata","aws/credentials","aws/endpoints","aws/request","aws/signer/v4","internal/shareddefaults","private/protocol","private/protocol/query","private/protocol/query/queryutil","private/protocol/rest","private/protocol/restxml","private/protocol/xml/xmlutil","service/s3"]
  revision = "0cbaf57ea311890e62f0b01652529295079e9e95"
  version = "v1.12.71"

[[projects]]
  name = "github.com/go-ini/ini"
  packages = ["."]
  revision = "32e4c1e6bc4e7d0d8451aa6b75200d19e37a536a"
  version = "v1.32.0"

[[projects]]
  name = "github.com/jmespath/go-jmespath"
  packages = ["."]
  revision = "0b12d6b5"

[[projects]]
  branch = "master"
  name = "github.com/reedobrien/checkers"
  packages = ["."]
  revision = "a2b2374142af559c6a6fcf6a92cea9fcfa966c6e"

[solve-meta]
  analyzer-name = "dep"
  analyzer-version = 1
  inputs-digest = "7cd8cf95d47488f7a1d7244b7f3237f3688323729ccd52132e407bbf419c1e87"
  solver-name = "gps-cdcl"
  solver-version = 1
